
Microsoft Visual Studio Solution File, Format Version 12.00
# Visual Studio Version 16
VisualStudioVersion = 16.0.29709.97
MinimumVisualStudioVersion = 10.0.40219.1
Project("{FAE04EC0-301F-11D3-BF4B-00C04F79EFBC}") = "HW3_Heirarchy.Android", "HW3_Heirarchy.Android\HW3_Heirarchy.Android.csproj", "{44203D8F-29FB-4CD9-BF61-B09A32F7C19A}"
EndProject
Project("{FAE04EC0-301F-11D3-BF4B-00C04F79EFBC}") = "HW3_Heirarchy.iOS", "HW3_Heirarchy.iOS\HW3_Heirarchy.iOS.csproj", "{E6414D4D-7D3D-43BA-8536-F1090AC0089C}"
EndProject
Project("{FAE04EC0-301F-11D3-BF4B-00C04F79EFBC}") = "HW3_Heirarchy", "HW3_Heirarchy\HW3_Heirarchy.csproj", "{57D74D28-72CC-4AC8-81C9-BD490BC15427}"
EndProject
Global
	GlobalSection(SolutionConfigurationPlatforms) = preSolution
		Debug|Any CPU = Debug|Any CPU
		Debug|iPhone = Debug|iPhone
		Debug|iPhoneSimulator = Debug|iPhoneSimulator
		Release|Any CPU = Release|Any CPU
		Release|iPhone = Release|iPhone
		Release|iPhoneSimulator = Release|iPhoneSimulator
	EndGlobalSection
	GlobalSection(ProjectConfigurationPlatforms) = postSolution
		{44203D8F-29FB-4CD9-BF61-B09A32F7C19A}.Debug|Any CPU.ActiveCfg = Debug|Any CPU
		{44203D8F-29FB-4CD9-BF61-B09A32F7C19A}.Debug|Any CPU.Build.0 = Debug|Any CPU
		{44203D8F-29FB-4CD9-BF61-B09A32F7C19A}.Debug|Any CPU.Deploy.0 = Debug|Any CPU
		{44203D8F-29FB-4CD9-BF61-B09A32F7C19A}.Debug|iPhone.ActiveCfg = Debug|Any CPU
		{44203D8F-29FB-4CD9-BF61-B09A32F7C19A}.Debug|iPhone.Build.0 = Debug|Any CPU
		{44203D8F-29FB-4CD9-BF61-B09A32F7C19A}.Debug|iPhone.Deploy.0 = Debug|Any CPU
		{44203D8F-29FB-4CD9-BF61-B09A32F7C19A}.Debug|iPhoneSimulator.ActiveCfg = Debug|Any CPU
		{44203D8F-29FB-4CD9-BF61-B09A32F7C19A}.Debug|iPhoneSimulator.Build.0 = Debug|Any CPU
		{44203D8F-29FB-4CD9-BF61-B09A32F7C19A}.Debug|iPhoneSimulator.Deploy.0 = Debug|Any CPU
		{44203D8F-29FB-4CD9-BF61-B09A32F7C19A}.Release|Any CPU.ActiveCfg = Release|Any CPU
		{44203D8F-29FB-4CD9-BF61-B09A32F7C19A}.Release|Any CPU.Build.0 = Release|Any CPU
		{44203D8F-29FB-4CD9-BF61-B09A32F7C19A}.Release|Any CPU.Deploy.0 = Release|Any CPU
		{44203D8F-29FB-4CD9-BF61-B09A32F7C19A}.Release|iPhone.ActiveCfg = Release|Any CPU
		{44203D8F-29FB-4CD9-BF61-B09A32F7C19A}.Release|iPhone.Build.0 = Release|Any CPU
		{44203D8F-29FB-4CD9-BF61-B09A32F7C19A}.Release|iPhone.Deploy.0 = Release|Any CPU
		{44203D8F-29FB-4CD9-BF61-B09A32F7C19A}.Release|iPhoneSimulator.ActiveCfg = Release|Any CPU
		{44203D8F-29FB-4CD9-BF61-B09A32F7C19A}.Release|iPhoneSimulator.Build.0 = Release|Any CPU
		{44203D8F-29FB-4CD9-BF61-B09A32F7C19A}.Release|iPhoneSimulator.Deploy.0 = Release|Any CPU
		{E6414D4D-7D3D-43BA-8536-F1090AC0089C}.Debug|Any CPU.ActiveCfg = Debug|iPhoneSimulator
		{E6414D4D-7D3D-43BA-8536-F1090AC0089C}.Debug|Any CPU.Build.0 = Debug|iPhoneSimulator
		{E6414D4D-7D3D-43BA-8536-F1090AC0089C}.Debug|Any CPU.Deploy.0 = Debug|iPhoneSimulator
		{E6414D4D-7D3D-43BA-8536-F1090AC0089C}.Debug|iPhone.ActiveCfg = Debug|iPhone
		{E6414D4D-7D3D-43BA-8536-F1090AC0089C}.Debug|iPhone.Build.0 = Debug|iPhone
		{E6414D4D-7D3D-43BA-8536-F1090AC0089C}.Debug|iPhone.Deploy.0 = Debug|iPhone
		{E6414D4D-7D3D-43BA-8536-F1090AC0089C}.Debug|iPhoneSimulator.ActiveCfg = Debug|iPhoneSimulator
		{E6414D4D-7D3D-43BA-8536-F1090AC0089C}.Debug|iPhoneSimulator.Build.0 = Debug|iPhoneSimulator
		{E6414D4D-7D3D-43BA-8536-F1090AC0089C}.Debug|iPhoneSimulator.Deploy.0 = Debug|iPhoneSimulator
		{E6414D4D-7D3D-43BA-8536-F1090AC0089C}.Release|Any CPU.ActiveCfg = Release|iPhone
		{E6414D4D-7D3D-43BA-8536-F1090AC0089C}.Release|Any CPU.Build.0 = Release|iPhone
		{E6414D4D-7D3D-43BA-8536-F1090AC0089C}.Release|Any CPU.Deploy.0 = Release|iPhone
		{E6414D4D-7D3D-43BA-8536-F1090AC0089C}.Release|iPhone.ActiveCfg = Release|iPhone
		{E6414D4D-7D3D-43BA-8536-F1090AC0089C}.Release|iPhone.Build.0 = Release|iPhone
		{E6414D4D-7D3D-43BA-8536-F1090AC0089C}.Release|iPhone.Deploy.0 = Release|iPhone
		{E6414D4D-7D3D-43BA-8536-F1090AC0089C}.Release|iPhoneSimulator.ActiveCfg = Release|iPhoneSimulator
		{E6414D4D-7D3D-43BA-8536-F1090AC0089C}.Release|iPhoneSimulator.Build.0 = Release|iPhoneSimulator
		{E6414D4D-7D3D-43BA-8536-F1090AC0089C}.Release|iPhoneSimulator.Deploy.0 = Release|iPhoneSimulator
		{57D74D28-72CC-4AC8-81C9-BD490BC15427}.Debug|Any CPU.ActiveCfg = Debug|Any CPU
		{57D74D28-72CC-4AC8-81C9-BD490BC15427}.Debug|Any CPU.Build.0 = Debug|Any CPU
		{57D74D28-72CC-4AC8-81C9-BD490BC15427}.Debug|Any CPU.Deploy.0 = Debug|Any CPU
		{57D74D28-72CC-4AC8-81C9-BD490BC15427}.Debug|iPhone.ActiveCfg = Debug|Any CPU
		{57D74D28-72CC-4AC8-81C9-BD490BC15427}.Debug|iPhone.Build.0 = Debug|Any CPU
		{57D74D28-72CC-4AC8-81C9-BD490BC15427}.Debug|iPhone.Deploy.0 = Debug|Any CPU
		{57D74D28-72CC-4AC8-81C9-BD490BC15427}.Debug|iPhoneSimulator.ActiveCfg = Debug|Any CPU
		{57D74D28-72CC-4AC8-81C9-BD490BC15427}.Debug|iPhoneSimulator.Build.0 = Debug|Any CPU
		{57D74D28-72CC-4AC8-81C9-BD490BC15427}.Debug|iPhoneSimulator.Deploy.0 = Debug|Any CPU
		{57D74D28-72CC-4AC8-81C9-BD490BC15427}.Release|Any CPU.ActiveCfg = Release|Any CPU
		{57D74D28-72CC-4AC8-81C9-BD490BC15427}.Release|Any CPU.Build.0 = Release|Any CPU
		{57D74D28-72CC-4AC8-81C9-BD490BC15427}.Release|Any CPU.Deploy.0 = Release|Any CPU
		{57D74D28-72CC-4AC8-81C9-BD490BC15427}.Release|iPhone.ActiveCfg = Release|Any CPU
		{57D74D28-72CC-4AC8-81C9-BD490BC15427}.Release|iPhone.Build.0 = Release|Any CPU
		{57D74D28-72CC-4AC8-81C9-BD490BC15427}.Release|iPhone.Deploy.0 = Release|Any CPU
		{57D74D28-72CC-4AC8-81C9-BD490BC15427}.Release|iPhoneSimulator.ActiveCfg = Release|Any CPU
		{57D74D28-72CC-4AC8-81C9-BD490BC15427}.Release|iPhoneSimulator.Build.0 = Release|Any CPU
		{57D74D28-72CC-4AC8-81C9-BD490BC15427}.Release|iPhoneSimulator.Deploy.0 = Release|Any CPU
	EndGlobalSection
	GlobalSection(SolutionProperties) = preSolution
		HideSolutionNode = FALSE
	EndGlobalSection
	GlobalSection(ExtensibilityGlobals) = postSolution
		SolutionGuid = {C1C5A441-212B-4082-925F-255995462495}
	EndGlobalSection
EndGlobal
